
Microsoft Visual Studio Solution File, Format Version 12.00
# Visual Studio Version 17
VisualStudioVersion = 17.4.33205.214
MinimumVisualStudioVersion = 10.0.40219.1
Project("{FAE04EC0-301F-11D3-BF4B-00C04F79EFBC}") = "EmpolyeeWebapiForAngular", "EmpolyeeWebapiForAngular\EmpolyeeWebapiForAngular.csproj", "{8C80DB77-D457-4D64-9701-97FE7DFD7EAE}"
EndProject
Global
	GlobalSection(SolutionConfigurationPlatforms) = preSolution
		Debug|Any CPU = Debug|Any CPU
		Release|Any CPU = Release|Any CPU
	EndGlobalSection
	GlobalSection(ProjectConfigurationPlatforms) = postSolution
		{8C80DB77-D457-4D64-9701-97FE7DFD7EAE}.Debug|Any CPU.ActiveCfg = Debug|Any CPU
		{8C80DB77-D457-4D64-9701-97FE7DFD7EAE}.Debug|Any CPU.Build.0 = Debug|Any CPU
		{8C80DB77-D457-4D64-9701-97FE7DFD7EAE}.Release|Any CPU.ActiveCfg = Release|Any CPU
		{8C80DB77-D457-4D64-9701-97FE7DFD7EAE}.Release|Any CPU.Build.0 = Release|Any CPU
	EndGlobalSection
	GlobalSection(SolutionProperties) = preSolution
		HideSolutionNode = FALSE
	EndGlobalSection
	GlobalSection(ExtensibilityGlobals) = postSolution
		SolutionGuid = {C03AD06B-39E1-46C4-8114-A108C1427A21}
	EndGlobalSection
EndGlobal
